
Microsoft Visual Studio Solution File, Format Version 12.00
# Visual Studio 15
VisualStudioVersion = 15.0.26228.4
MinimumVisualStudioVersion = 10.0.40219.1
Project("{FAE04EC0-301F-11D3-BF4B-00C04F79EFBC}") = "Web", "Web\Web.csproj", "{D2A7FD5A-7D4D-444C-9E91-C6A2E36B78B2}"
EndProject
Project("{FAE04EC0-301F-11D3-BF4B-00C04F79EFBC}") = "DAL", "DAL\DAL.csproj", "{4E06E34D-4E0A-44A7-AF8C-0ACFB1DD4224}"
EndProject
Project("{FAE04EC0-301F-11D3-BF4B-00C04F79EFBC}") = "Entity", "Entity\Entity.csproj", "{2FE02BBF-059B-41D0-A26C-E3C60E67E74D}"
EndProject
Project("{FAE04EC0-301F-11D3-BF4B-00C04F79EFBC}") = "Service", "Service\Service.csproj", "{617D2BE1-16EB-43E1-864F-C0EBA6534A3D}"
EndProject
Project("{FAE04EC0-301F-11D3-BF4B-00C04F79EFBC}") = "IoTDevice", "IoTDevice\IoTDevice.csproj", "{6BF8813C-D4A3-47E2-B596-0D16DABC020C}"
EndProject
Global
	GlobalSection(SolutionConfigurationPlatforms) = preSolution
		Debug|Any CPU = Debug|Any CPU
		Debug|ARM = Debug|ARM
		Debug|x64 = Debug|x64
		Debug|x86 = Debug|x86
		Release|Any CPU = Release|Any CPU
		Release|ARM = Release|ARM
		Release|x64 = Release|x64
		Release|x86 = Release|x86
	EndGlobalSection
	GlobalSection(ProjectConfigurationPlatforms) = postSolution
		{D2A7FD5A-7D4D-444C-9E91-C6A2E36B78B2}.Debug|Any CPU.ActiveCfg = Debug|Any CPU
		{D2A7FD5A-7D4D-444C-9E91-C6A2E36B78B2}.Debug|Any CPU.Build.0 = Debug|Any CPU
		{D2A7FD5A-7D4D-444C-9E91-C6A2E36B78B2}.Debug|ARM.ActiveCfg = Debug|Any CPU
		{D2A7FD5A-7D4D-444C-9E91-C6A2E36B78B2}.Debug|ARM.Build.0 = Debug|Any CPU
		{D2A7FD5A-7D4D-444C-9E91-C6A2E36B78B2}.Debug|x64.ActiveCfg = Debug|Any CPU
		{D2A7FD5A-7D4D-444C-9E91-C6A2E36B78B2}.Debug|x64.Build.0 = Debug|Any CPU
		{D2A7FD5A-7D4D-444C-9E91-C6A2E36B78B2}.Debug|x86.ActiveCfg = Debug|Any CPU
		{D2A7FD5A-7D4D-444C-9E91-C6A2E36B78B2}.Debug|x86.Build.0 = Debug|Any CPU
		{D2A7FD5A-7D4D-444C-9E91-C6A2E36B78B2}.Release|Any CPU.ActiveCfg = Release|Any CPU
		{D2A7FD5A-7D4D-444C-9E91-C6A2E36B78B2}.Release|Any CPU.Build.0 = Release|Any CPU
		{D2A7FD5A-7D4D-444C-9E91-C6A2E36B78B2}.Release|ARM.ActiveCfg = Release|Any CPU
		{D2A7FD5A-7D4D-444C-9E91-C6A2E36B78B2}.Release|ARM.Build.0 = Release|Any CPU
		{D2A7FD5A-7D4D-444C-9E91-C6A2E36B78B2}.Release|x64.ActiveCfg = Release|Any CPU
		{D2A7FD5A-7D4D-444C-9E91-C6A2E36B78B2}.Release|x64.Build.0 = Release|Any CPU
		{D2A7FD5A-7D4D-444C-9E91-C6A2E36B78B2}.Release|x86.ActiveCfg = Release|Any CPU
		{D2A7FD5A-7D4D-444C-9E91-C6A2E36B78B2}.Release|x86.Build.0 = Release|Any CPU
		{4E06E34D-4E0A-44A7-AF8C-0ACFB1DD4224}.Debug|Any CPU.ActiveCfg = Debug|Any CPU
		{4E06E34D-4E0A-44A7-AF8C-0ACFB1DD4224}.Debug|Any CPU.Build.0 = Debug|Any CPU
		{4E06E34D-4E0A-44A7-AF8C-0ACFB1DD4224}.Debug|ARM.ActiveCfg = Debug|Any CPU
		{4E06E34D-4E0A-44A7-AF8C-0ACFB1DD4224}.Debug|ARM.Build.0 = Debug|Any CPU
		{4E06E34D-4E0A-44A7-AF8C-0ACFB1DD4224}.Debug|x64.ActiveCfg = Debug|Any CPU
		{4E06E34D-4E0A-44A7-AF8C-0ACFB1DD4224}.Debug|x64.Build.0 = Debug|Any CPU
		{4E06E34D-4E0A-44A7-AF8C-0ACFB1DD4224}.Debug|x86.ActiveCfg = Debug|Any CPU
		{4E06E34D-4E0A-44A7-AF8C-0ACFB1DD4224}.Debug|x86.Build.0 = Debug|Any CPU
		{4E06E34D-4E0A-44A7-AF8C-0ACFB1DD4224}.Release|Any CPU.ActiveCfg = Release|Any CPU
		{4E06E34D-4E0A-44A7-AF8C-0ACFB1DD4224}.Release|Any CPU.Build.0 = Release|Any CPU
		{4E06E34D-4E0A-44A7-AF8C-0ACFB1DD4224}.Release|ARM.ActiveCfg = Release|Any CPU
		{4E06E34D-4E0A-44A7-AF8C-0ACFB1DD4224}.Release|ARM.Build.0 = Release|Any CPU
		{4E06E34D-4E0A-44A7-AF8C-0ACFB1DD4224}.Release|x64.ActiveCfg = Release|Any CPU
		{4E06E34D-4E0A-44A7-AF8C-0ACFB1DD4224}.Release|x64.Build.0 = Release|Any CPU
		{4E06E34D-4E0A-44A7-AF8C-0ACFB1DD4224}.Release|x86.ActiveCfg = Release|Any CPU
		{4E06E34D-4E0A-44A7-AF8C-0ACFB1DD4224}.Release|x86.Build.0 = Release|Any CPU
		{2FE02BBF-059B-41D0-A26C-E3C60E67E74D}.Debug|Any CPU.ActiveCfg = Debug|Any CPU
		{2FE02BBF-059B-41D0-A26C-E3C60E67E74D}.Debug|Any CPU.Build.0 = Debug|Any CPU
		{2FE02BBF-059B-41D0-A26C-E3C60E67E74D}.Debug|ARM.ActiveCfg = Debug|Any CPU
		{2FE02BBF-059B-41D0-A26C-E3C60E67E74D}.Debug|ARM.Build.0 = Debug|Any CPU
		{2FE02BBF-059B-41D0-A26C-E3C60E67E74D}.Debug|x64.ActiveCfg = Debug|Any CPU
		{2FE02BBF-059B-41D0-A26C-E3C60E67E74D}.Debug|x64.Build.0 = Debug|Any CPU
		{2FE02BBF-059B-41D0-A26C-E3C60E67E74D}.Debug|x86.ActiveCfg = Debug|Any CPU
		{2FE02BBF-059B-41D0-A26C-E3C60E67E74D}.Debug|x86.Build.0 = Debug|Any CPU
		{2FE02BBF-059B-41D0-A26C-E3C60E67E74D}.Release|Any CPU.ActiveCfg = Release|Any CPU
		{2FE02BBF-059B-41D0-A26C-E3C60E67E74D}.Release|Any CPU.Build.0 = Release|Any CPU
		{2FE02BBF-059B-41D0-A26C-E3C60E67E74D}.Release|ARM.ActiveCfg = Release|Any CPU
		{2FE02BBF-059B-41D0-A26C-E3C60E67E74D}.Release|ARM.Build.0 = Release|Any CPU
		{2FE02BBF-059B-41D0-A26C-E3C60E67E74D}.Release|x64.ActiveCfg = Release|Any CPU
		{2FE02BBF-059B-41D0-A26C-E3C60E67E74D}.Release|x64.Build.0 = Release|Any CPU
		{2FE02BBF-059B-41D0-A26C-E3C60E67E74D}.Release|x86.ActiveCfg = Release|Any CPU
		{2FE02BBF-059B-41D0-A26C-E3C60E67E74D}.Release|x86.Build.0 = Release|Any CPU
		{617D2BE1-16EB-43E1-864F-C0EBA6534A3D}.Debug|Any CPU.ActiveCfg = Debug|Any CPU
		{617D2BE1-16EB-43E1-864F-C0EBA6534A3D}.Debug|Any CPU.Build.0 = Debug|Any CPU
		{617D2BE1-16EB-43E1-864F-C0EBA6534A3D}.Debug|ARM.ActiveCfg = Debug|Any CPU
		{617D2BE1-16EB-43E1-864F-C0EBA6534A3D}.Debug|ARM.Build.0 = Debug|Any CPU
		{617D2BE1-16EB-43E1-864F-C0EBA6534A3D}.Debug|x64.ActiveCfg = Debug|Any CPU
		{617D2BE1-16EB-43E1-864F-C0EBA6534A3D}.Debug|x64.Build.0 = Debug|Any CPU
		{617D2BE1-16EB-43E1-864F-C0EBA6534A3D}.Debug|x86.ActiveCfg = Debug|Any CPU
		{617D2BE1-16EB-43E1-864F-C0EBA6534A3D}.Debug|x86.Build.0 = Debug|Any CPU
		{617D2BE1-16EB-43E1-864F-C0EBA6534A3D}.Release|Any CPU.ActiveCfg = Release|Any CPU
		{617D2BE1-16EB-43E1-864F-C0EBA6534A3D}.Release|Any CPU.Build.0 = Release|Any CPU
		{617D2BE1-16EB-43E1-864F-C0EBA6534A3D}.Release|ARM.ActiveCfg = Release|Any CPU
		{617D2BE1-16EB-43E1-864F-C0EBA6534A3D}.Release|ARM.Build.0 = Release|Any CPU
		{617D2BE1-16EB-43E1-864F-C0EBA6534A3D}.Release|x64.ActiveCfg = Release|Any CPU
		{617D2BE1-16EB-43E1-864F-C0EBA6534A3D}.Release|x64.Build.0 = Release|Any CPU
		{617D2BE1-16EB-43E1-864F-C0EBA6534A3D}.Release|x86.ActiveCfg = Release|Any CPU
		{617D2BE1-16EB-43E1-864F-C0EBA6534A3D}.Release|x86.Build.0 = Release|Any CPU
		{6BF8813C-D4A3-47E2-B596-0D16DABC020C}.Debug|Any CPU.ActiveCfg = Debug|x86
		{6BF8813C-D4A3-47E2-B596-0D16DABC020C}.Debug|ARM.ActiveCfg = Debug|ARM
		{6BF8813C-D4A3-47E2-B596-0D16DABC020C}.Debug|ARM.Build.0 = Debug|ARM
		{6BF8813C-D4A3-47E2-B596-0D16DABC020C}.Debug|ARM.Deploy.0 = Debug|ARM
		{6BF8813C-D4A3-47E2-B596-0D16DABC020C}.Debug|x64.ActiveCfg = Debug|x64
		{6BF8813C-D4A3-47E2-B596-0D16DABC020C}.Debug|x64.Build.0 = Debug|x64
		{6BF8813C-D4A3-47E2-B596-0D16DABC020C}.Debug|x64.Deploy.0 = Debug|x64
		{6BF8813C-D4A3-47E2-B596-0D16DABC020C}.Debug|x86.ActiveCfg = Debug|x86
		{6BF8813C-D4A3-47E2-B596-0D16DABC020C}.Debug|x86.Build.0 = Debug|x86
		{6BF8813C-D4A3-47E2-B596-0D16DABC020C}.Debug|x86.Deploy.0 = Debug|x86
		{6BF8813C-D4A3-47E2-B596-0D16DABC020C}.Release|Any CPU.ActiveCfg = Release|x86
		{6BF8813C-D4A3-47E2-B596-0D16DABC020C}.Release|ARM.ActiveCfg = Release|ARM
		{6BF8813C-D4A3-47E2-B596-0D16DABC020C}.Release|ARM.Build.0 = Release|ARM
		{6BF8813C-D4A3-47E2-B596-0D16DABC020C}.Release|ARM.Deploy.0 = Release|ARM
		{6BF8813C-D4A3-47E2-B596-0D16DABC020C}.Release|x64.ActiveCfg = Release|x64
		{6BF8813C-D4A3-47E2-B596-0D16DABC020C}.Release|x64.Build.0 = Release|x64
		{6BF8813C-D4A3-47E2-B596-0D16DABC020C}.Release|x64.Deploy.0 = Release|x64
		{6BF8813C-D4A3-47E2-B596-0D16DABC020C}.Release|x86.ActiveCfg = Release|x86
		{6BF8813C-D4A3-47E2-B596-0D16DABC020C}.Release|x86.Build.0 = Release|x86
		{6BF8813C-D4A3-47E2-B596-0D16DABC020C}.Release|x86.Deploy.0 = Release|x86
	EndGlobalSection
	GlobalSection(SolutionProperties) = preSolution
		HideSolutionNode = FALSE
	EndGlobalSection
EndGlobal
